# This file is automatically @generated by Cargo.
# It is not intended for manual editing.
version = 3

[[package]]
name = "aoc_day_1"
version = "1.0.0"
dependencies = [
 "aoc_lib",
]

[[package]]
name = "aoc_day_2"
version = "1.0.0"
dependencies = [
 "aoc_lib",
]

[[package]]
name = "aoc_day_3"
version = "1.0.0"
dependencies = [
 "aoc_lib",
]

[[package]]
name = "aoc_day_4"
version = "1.0.0"
dependencies = [
 "aoc_lib",
]

[[package]]
name = "aoc_day_5"
version = "1.0.0"
dependencies = [
 "aoc_lib",
]

[[package]]
name = "aoc_day_6"
version = "1.0.0"
dependencies = [
 "aoc_lib",
]

[[package]]
name = "aoc_day_7"
version = "1.0.0"

[[package]]
name = "aoc_lib"
version = "1.0.0"
